{
  "name": "07_instalando-modulo-publicado",
  "version": "1.0.0",
  "lockfileVersion": 3,
  "requires": true,
  "packages": {
    "": {
      "name": "07_instalando-modulo-publicado",
      "version": "1.0.0",
      "license": "ISC",
      "dependencies": {
        "@fernandoalbuquerque/06_publicando-no-npm": "^1.0.3"
      }
    },
    "node_modules/@fernandoalbuquerque/06_publicando-no-npm": {
      "version": "1.0.3",
      "resolved": "https://registry.npmjs.org/@fernandoalbuquerque/06_publicando-no-npm/-/06_publicando-no-npm-1.0.3.tgz",
      "integrity": "sha512-+h4GJF66Ful7paWnSM3MQ1wp2OI5tipG5HAapKSBJ67TN2qgjnNTbjIo9ZDdwDdQNTluBcxHTrRDn6bw8RrDdA=="
    }
  }
}
